
Microsoft Visual Studio Solution File, Format Version 12.00
# Visual Studio Version 17
VisualStudioVersion = 17.14.36429.23 d17.14
MinimumVisualStudioVersion = 10.0.40219.1
Project("{F184B08F-C81C-45F6-A57F-5ABD9991F28F}") = "Oefening 5", "Oefening 5\Oefening 5.vbproj", "{98D79066-A4A1-4039-A496-34C5BAD9E85B}"
EndProject
Global
	GlobalSection(SolutionConfigurationPlatforms) = preSolution
		Debug|Any CPU = Debug|Any CPU
		Release|Any CPU = Release|Any CPU
	EndGlobalSection
	GlobalSection(ProjectConfigurationPlatforms) = postSolution
		{98D79066-A4A1-4039-A496-34C5BAD9E85B}.Debug|Any CPU.ActiveCfg = Debug|Any CPU
		{98D79066-A4A1-4039-A496-34C5BAD9E85B}.Debug|Any CPU.Build.0 = Debug|Any CPU
		{98D79066-A4A1-4039-A496-34C5BAD9E85B}.Release|Any CPU.ActiveCfg = Release|Any CPU
		{98D79066-A4A1-4039-A496-34C5BAD9E85B}.Release|Any CPU.Build.0 = Release|Any CPU
	EndGlobalSection
	GlobalSection(SolutionProperties) = preSolution
		HideSolutionNode = FALSE
	EndGlobalSection
	GlobalSection(ExtensibilityGlobals) = postSolution
		SolutionGuid = {CEF54061-7743-4511-95D5-518ACD974747}
	EndGlobalSection
EndGlobal
