
Microsoft Visual Studio Solution File, Format Version 12.00
# Visual Studio Version 17
VisualStudioVersion = 17.14.36623.8 d17.14
MinimumVisualStudioVersion = 10.0.40219.1
Project("{F184B08F-C81C-45F6-A57F-5ABD9991F28F}") = "oefening 1 - draak", "oefening 1 - draak\oefening 1 - draak.vbproj", "{F849DF8C-32B0-483D-9B43-BB62D48EB5AB}"
EndProject
Global
	GlobalSection(SolutionConfigurationPlatforms) = preSolution
		Debug|Any CPU = Debug|Any CPU
		Release|Any CPU = Release|Any CPU
	EndGlobalSection
	GlobalSection(ProjectConfigurationPlatforms) = postSolution
		{F849DF8C-32B0-483D-9B43-BB62D48EB5AB}.Debug|Any CPU.ActiveCfg = Debug|Any CPU
		{F849DF8C-32B0-483D-9B43-BB62D48EB5AB}.Debug|Any CPU.Build.0 = Debug|Any CPU
		{F849DF8C-32B0-483D-9B43-BB62D48EB5AB}.Release|Any CPU.ActiveCfg = Release|Any CPU
		{F849DF8C-32B0-483D-9B43-BB62D48EB5AB}.Release|Any CPU.Build.0 = Release|Any CPU
	EndGlobalSection
	GlobalSection(SolutionProperties) = preSolution
		HideSolutionNode = FALSE
	EndGlobalSection
	GlobalSection(ExtensibilityGlobals) = postSolution
		SolutionGuid = {B4CA6780-F1DA-42F5-A309-8DD0C0FDD78F}
	EndGlobalSection
EndGlobal
