
Microsoft Visual Studio Solution File, Format Version 12.00
# Visual Studio Version 17
VisualStudioVersion = 17.14.36429.23 d17.14
MinimumVisualStudioVersion = 10.0.40219.1
Project("{F184B08F-C81C-45F6-A57F-5ABD9991F28F}") = "Schalck_Robbe_Tiam", "vraag 1\Schalck_Robbe_Tiam.vbproj", "{345B1ACF-956F-4DB0-A98D-01F6BF7A7C75}"
EndProject
Global
	GlobalSection(SolutionConfigurationPlatforms) = preSolution
		Debug|Any CPU = Debug|Any CPU
		Release|Any CPU = Release|Any CPU
	EndGlobalSection
	GlobalSection(ProjectConfigurationPlatforms) = postSolution
		{345B1ACF-956F-4DB0-A98D-01F6BF7A7C75}.Debug|Any CPU.ActiveCfg = Debug|Any CPU
		{345B1ACF-956F-4DB0-A98D-01F6BF7A7C75}.Debug|Any CPU.Build.0 = Debug|Any CPU
		{345B1ACF-956F-4DB0-A98D-01F6BF7A7C75}.Release|Any CPU.ActiveCfg = Release|Any CPU
		{345B1ACF-956F-4DB0-A98D-01F6BF7A7C75}.Release|Any CPU.Build.0 = Release|Any CPU
	EndGlobalSection
	GlobalSection(SolutionProperties) = preSolution
		HideSolutionNode = FALSE
	EndGlobalSection
	GlobalSection(ExtensibilityGlobals) = postSolution
		SolutionGuid = {A21D42DC-B09C-4BBB-82FA-792CE164A45E}
	EndGlobalSection
EndGlobal
