
Microsoft Visual Studio Solution File, Format Version 12.00
# Visual Studio Version 17
VisualStudioVersion = 17.14.36623.8 d17.14
MinimumVisualStudioVersion = 10.0.40219.1
Project("{F184B08F-C81C-45F6-A57F-5ABD9991F28F}") = "oefening 2 - radio", "oefening 2 - radio\oefening 2 - radio.vbproj", "{B4B0C943-498B-44A4-84FB-79C7693CDDBE}"
EndProject
Global
	GlobalSection(SolutionConfigurationPlatforms) = preSolution
		Debug|Any CPU = Debug|Any CPU
		Release|Any CPU = Release|Any CPU
	EndGlobalSection
	GlobalSection(ProjectConfigurationPlatforms) = postSolution
		{B4B0C943-498B-44A4-84FB-79C7693CDDBE}.Debug|Any CPU.ActiveCfg = Debug|Any CPU
		{B4B0C943-498B-44A4-84FB-79C7693CDDBE}.Debug|Any CPU.Build.0 = Debug|Any CPU
		{B4B0C943-498B-44A4-84FB-79C7693CDDBE}.Release|Any CPU.ActiveCfg = Release|Any CPU
		{B4B0C943-498B-44A4-84FB-79C7693CDDBE}.Release|Any CPU.Build.0 = Release|Any CPU
	EndGlobalSection
	GlobalSection(SolutionProperties) = preSolution
		HideSolutionNode = FALSE
	EndGlobalSection
	GlobalSection(ExtensibilityGlobals) = postSolution
		SolutionGuid = {13CCD132-794E-42A7-993A-2A778A5A3992}
	EndGlobalSection
EndGlobal
