
Microsoft Visual Studio Solution File, Format Version 12.00
# Visual Studio Version 17
VisualStudioVersion = 17.14.36623.8 d17.14
MinimumVisualStudioVersion = 10.0.40219.1
Project("{F184B08F-C81C-45F6-A57F-5ABD9991F28F}") = "oefening extra 1 - pizza", "oefening extra 1 - pizza\oefening extra 1 - pizza.vbproj", "{B01E6E72-0821-4D9C-88D6-33A5DBB16E47}"
EndProject
Global
	GlobalSection(SolutionConfigurationPlatforms) = preSolution
		Debug|Any CPU = Debug|Any CPU
		Release|Any CPU = Release|Any CPU
	EndGlobalSection
	GlobalSection(ProjectConfigurationPlatforms) = postSolution
		{B01E6E72-0821-4D9C-88D6-33A5DBB16E47}.Debug|Any CPU.ActiveCfg = Debug|Any CPU
		{B01E6E72-0821-4D9C-88D6-33A5DBB16E47}.Debug|Any CPU.Build.0 = Debug|Any CPU
		{B01E6E72-0821-4D9C-88D6-33A5DBB16E47}.Release|Any CPU.ActiveCfg = Release|Any CPU
		{B01E6E72-0821-4D9C-88D6-33A5DBB16E47}.Release|Any CPU.Build.0 = Release|Any CPU
	EndGlobalSection
	GlobalSection(SolutionProperties) = preSolution
		HideSolutionNode = FALSE
	EndGlobalSection
	GlobalSection(ExtensibilityGlobals) = postSolution
		SolutionGuid = {BBF48A67-3FB5-4DF7-B29E-8D4AAFEF2917}
	EndGlobalSection
EndGlobal
