
Microsoft Visual Studio Solution File, Format Version 12.00
# Visual Studio Version 17
VisualStudioVersion = 17.14.36623.8 d17.14
MinimumVisualStudioVersion = 10.0.40219.1
Project("{FAE04EC0-301F-11D3-BF4B-00C04F79EFBC}") = "Presentation", "Dobbelsteen\Presentation.csproj", "{135E6028-99A3-44BA-A0FA-344F26C7CE21}"
EndProject
Project("{FAE04EC0-301F-11D3-BF4B-00C04F79EFBC}") = "Business", "Business\Business.csproj", "{539BA0AA-313D-47FF-83AF-1406CB189D4A}"
EndProject
Global
	GlobalSection(SolutionConfigurationPlatforms) = preSolution
		Debug|Any CPU = Debug|Any CPU
		Release|Any CPU = Release|Any CPU
	EndGlobalSection
	GlobalSection(ProjectConfigurationPlatforms) = postSolution
		{135E6028-99A3-44BA-A0FA-344F26C7CE21}.Debug|Any CPU.ActiveCfg = Debug|Any CPU
		{135E6028-99A3-44BA-A0FA-344F26C7CE21}.Debug|Any CPU.Build.0 = Debug|Any CPU
		{135E6028-99A3-44BA-A0FA-344F26C7CE21}.Release|Any CPU.ActiveCfg = Release|Any CPU
		{135E6028-99A3-44BA-A0FA-344F26C7CE21}.Release|Any CPU.Build.0 = Release|Any CPU
		{539BA0AA-313D-47FF-83AF-1406CB189D4A}.Debug|Any CPU.ActiveCfg = Debug|Any CPU
		{539BA0AA-313D-47FF-83AF-1406CB189D4A}.Debug|Any CPU.Build.0 = Debug|Any CPU
		{539BA0AA-313D-47FF-83AF-1406CB189D4A}.Release|Any CPU.ActiveCfg = Release|Any CPU
		{539BA0AA-313D-47FF-83AF-1406CB189D4A}.Release|Any CPU.Build.0 = Release|Any CPU
	EndGlobalSection
	GlobalSection(SolutionProperties) = preSolution
		HideSolutionNode = FALSE
	EndGlobalSection
	GlobalSection(ExtensibilityGlobals) = postSolution
		SolutionGuid = {B2961009-8613-4DC5-BE1D-237119549225}
	EndGlobalSection
EndGlobal
