
Microsoft Visual Studio Solution File, Format Version 12.00
# Visual Studio Version 17
VisualStudioVersion = 17.14.36623.8 d17.14
MinimumVisualStudioVersion = 10.0.40219.1
Project("{F184B08F-C81C-45F6-A57F-5ABD9991F28F}") = "oefening 1 - hond en leeuw", "oefening 1 - hond en leeuw\oefening 1 - hond en leeuw.vbproj", "{9AF294D5-A064-4F28-A16E-6C56444768FB}"
EndProject
Global
	GlobalSection(SolutionConfigurationPlatforms) = preSolution
		Debug|Any CPU = Debug|Any CPU
		Release|Any CPU = Release|Any CPU
	EndGlobalSection
	GlobalSection(ProjectConfigurationPlatforms) = postSolution
		{9AF294D5-A064-4F28-A16E-6C56444768FB}.Debug|Any CPU.ActiveCfg = Debug|Any CPU
		{9AF294D5-A064-4F28-A16E-6C56444768FB}.Debug|Any CPU.Build.0 = Debug|Any CPU
		{9AF294D5-A064-4F28-A16E-6C56444768FB}.Release|Any CPU.ActiveCfg = Release|Any CPU
		{9AF294D5-A064-4F28-A16E-6C56444768FB}.Release|Any CPU.Build.0 = Release|Any CPU
	EndGlobalSection
	GlobalSection(SolutionProperties) = preSolution
		HideSolutionNode = FALSE
	EndGlobalSection
	GlobalSection(ExtensibilityGlobals) = postSolution
		SolutionGuid = {47ABE7DD-27CA-461E-80DD-2D1A6B989D9E}
	EndGlobalSection
EndGlobal
