
Microsoft Visual Studio Solution File, Format Version 12.00
# Visual Studio Version 17
VisualStudioVersion = 17.14.36623.8 d17.14
MinimumVisualStudioVersion = 10.0.40219.1
Project("{F184B08F-C81C-45F6-A57F-5ABD9991F28F}") = "oefening 1 - leeuw", "oefening 1 - leeuw\oefening 1 - leeuw.vbproj", "{78C3C526-65E7-4C5F-970D-6AFCE5543062}"
EndProject
Global
	GlobalSection(SolutionConfigurationPlatforms) = preSolution
		Debug|Any CPU = Debug|Any CPU
		Release|Any CPU = Release|Any CPU
	EndGlobalSection
	GlobalSection(ProjectConfigurationPlatforms) = postSolution
		{78C3C526-65E7-4C5F-970D-6AFCE5543062}.Debug|Any CPU.ActiveCfg = Debug|Any CPU
		{78C3C526-65E7-4C5F-970D-6AFCE5543062}.Debug|Any CPU.Build.0 = Debug|Any CPU
		{78C3C526-65E7-4C5F-970D-6AFCE5543062}.Release|Any CPU.ActiveCfg = Release|Any CPU
		{78C3C526-65E7-4C5F-970D-6AFCE5543062}.Release|Any CPU.Build.0 = Release|Any CPU
	EndGlobalSection
	GlobalSection(SolutionProperties) = preSolution
		HideSolutionNode = FALSE
	EndGlobalSection
	GlobalSection(ExtensibilityGlobals) = postSolution
		SolutionGuid = {DEE14DF2-1CD2-405F-9732-A453F6098291}
	EndGlobalSection
EndGlobal
