
Microsoft Visual Studio Solution File, Format Version 12.00
# Visual Studio Version 17
VisualStudioVersion = 17.14.36623.8 d17.14
MinimumVisualStudioVersion = 10.0.40219.1
Project("{F184B08F-C81C-45F6-A57F-5ABD9991F28F}") = "toets hermaken", "toets hermaken\toets hermaken.vbproj", "{4099C606-DBBA-482A-83F6-F66C4479C510}"
EndProject
Global
	GlobalSection(SolutionConfigurationPlatforms) = preSolution
		Debug|Any CPU = Debug|Any CPU
		Release|Any CPU = Release|Any CPU
	EndGlobalSection
	GlobalSection(ProjectConfigurationPlatforms) = postSolution
		{4099C606-DBBA-482A-83F6-F66C4479C510}.Debug|Any CPU.ActiveCfg = Debug|Any CPU
		{4099C606-DBBA-482A-83F6-F66C4479C510}.Debug|Any CPU.Build.0 = Debug|Any CPU
		{4099C606-DBBA-482A-83F6-F66C4479C510}.Release|Any CPU.ActiveCfg = Release|Any CPU
		{4099C606-DBBA-482A-83F6-F66C4479C510}.Release|Any CPU.Build.0 = Release|Any CPU
	EndGlobalSection
	GlobalSection(SolutionProperties) = preSolution
		HideSolutionNode = FALSE
	EndGlobalSection
	GlobalSection(ExtensibilityGlobals) = postSolution
		SolutionGuid = {2A9E5520-1EDD-4A58-AD57-C1FC9604195A}
	EndGlobalSection
EndGlobal
