
Microsoft Visual Studio Solution File, Format Version 12.00
# Visual Studio Version 17
VisualStudioVersion = 17.11.35222.181
MinimumVisualStudioVersion = 10.0.40219.1
Project("{FAE04EC0-301F-11D3-BF4B-00C04F79EFBC}") = "oefening 3.2 - smartphone", "smartphone\oefening 3.2 - smartphone.csproj", "{991F81A2-B9AD-494A-BD5F-C1338AC99438}"
EndProject
Global
	GlobalSection(SolutionConfigurationPlatforms) = preSolution
		Debug|Any CPU = Debug|Any CPU
		Release|Any CPU = Release|Any CPU
	EndGlobalSection
	GlobalSection(ProjectConfigurationPlatforms) = postSolution
		{991F81A2-B9AD-494A-BD5F-C1338AC99438}.Debug|Any CPU.ActiveCfg = Debug|Any CPU
		{991F81A2-B9AD-494A-BD5F-C1338AC99438}.Debug|Any CPU.Build.0 = Debug|Any CPU
		{991F81A2-B9AD-494A-BD5F-C1338AC99438}.Release|Any CPU.ActiveCfg = Release|Any CPU
		{991F81A2-B9AD-494A-BD5F-C1338AC99438}.Release|Any CPU.Build.0 = Release|Any CPU
	EndGlobalSection
	GlobalSection(SolutionProperties) = preSolution
		HideSolutionNode = FALSE
	EndGlobalSection
	GlobalSection(ExtensibilityGlobals) = postSolution
		SolutionGuid = {EDDA95A9-C979-4251-88D9-8613EC0A480D}
	EndGlobalSection
EndGlobal
