
Microsoft Visual Studio Solution File, Format Version 12.00
# Visual Studio Version 17
VisualStudioVersion = 17.14.36623.8 d17.14
MinimumVisualStudioVersion = 10.0.40219.1
Project("{F184B08F-C81C-45F6-A57F-5ABD9991F28F}") = "oefening 2 - veelhoek", "oefening 2 - veelhoek\oefening 2 - veelhoek.vbproj", "{B913BDB1-8A09-4A9F-88C2-A55D69A64962}"
EndProject
Global
	GlobalSection(SolutionConfigurationPlatforms) = preSolution
		Debug|Any CPU = Debug|Any CPU
		Release|Any CPU = Release|Any CPU
	EndGlobalSection
	GlobalSection(ProjectConfigurationPlatforms) = postSolution
		{B913BDB1-8A09-4A9F-88C2-A55D69A64962}.Debug|Any CPU.ActiveCfg = Debug|Any CPU
		{B913BDB1-8A09-4A9F-88C2-A55D69A64962}.Debug|Any CPU.Build.0 = Debug|Any CPU
		{B913BDB1-8A09-4A9F-88C2-A55D69A64962}.Release|Any CPU.ActiveCfg = Release|Any CPU
		{B913BDB1-8A09-4A9F-88C2-A55D69A64962}.Release|Any CPU.Build.0 = Release|Any CPU
	EndGlobalSection
	GlobalSection(SolutionProperties) = preSolution
		HideSolutionNode = FALSE
	EndGlobalSection
	GlobalSection(ExtensibilityGlobals) = postSolution
		SolutionGuid = {BD7C3F1A-9B64-4285-9207-FEC5B5142126}
	EndGlobalSection
EndGlobal
